
Microsoft Visual Studio Solution File, Format Version 12.00
# Visual Studio Version 17
VisualStudioVersion = 17.5.002.0
MinimumVisualStudioVersion = 10.0.40219.1
Project("{9A19103F-16F7-4668-BE54-9A1E7A4F7556}") = "AWSFacade", "AWSFacade.csproj", "{463B3E0B-963D-4ED3-98C0-6D59BBDF9FB9}"
EndProject
Global
	GlobalSection(SolutionConfigurationPlatforms) = preSolution
		Debug|Any CPU = Debug|Any CPU
		Release|Any CPU = Release|Any CPU
	EndGlobalSection
	GlobalSection(ProjectConfigurationPlatforms) = postSolution
		{463B3E0B-963D-4ED3-98C0-6D59BBDF9FB9}.Debug|Any CPU.ActiveCfg = Debug|Any CPU
		{463B3E0B-963D-4ED3-98C0-6D59BBDF9FB9}.Debug|Any CPU.Build.0 = Debug|Any CPU
		{463B3E0B-963D-4ED3-98C0-6D59BBDF9FB9}.Release|Any CPU.ActiveCfg = Release|Any CPU
		{463B3E0B-963D-4ED3-98C0-6D59BBDF9FB9}.Release|Any CPU.Build.0 = Release|Any CPU
	EndGlobalSection
	GlobalSection(SolutionProperties) = preSolution
		HideSolutionNode = FALSE
	EndGlobalSection
	GlobalSection(ExtensibilityGlobals) = postSolution
		SolutionGuid = {E001C6A4-7B5D-4765-84BB-FA23B7AC6C3D}
	EndGlobalSection
EndGlobal
