
Microsoft Visual Studio Solution File, Format Version 12.00
# Visual Studio Version 17
VisualStudioVersion = 17.0.31903.59
MinimumVisualStudioVersion = 10.0.40219.1
Project("{9A19103F-16F7-4668-BE54-9A1E7A4F7556}") = "AWSFacade", "AWSFacade\AWSFacade.csproj", "{DF64E544-8DB0-4885-8DFE-8FFECC18790A}"
EndProject
Project("{FAE04EC0-301F-11D3-BF4B-00C04F79EFBC}") = "AWSFacadeTest", "AWSFacadeTest\AWSFacadeTest.csproj", "{691ACE61-4ED8-4E9A-9351-3C5604114E88}"
EndProject
Global
	GlobalSection(SolutionConfigurationPlatforms) = preSolution
		Debug|Any CPU = Debug|Any CPU
		Release|Any CPU = Release|Any CPU
	EndGlobalSection
	GlobalSection(ProjectConfigurationPlatforms) = postSolution
		{DF64E544-8DB0-4885-8DFE-8FFECC18790A}.Debug|Any CPU.ActiveCfg = Debug|Any CPU
		{DF64E544-8DB0-4885-8DFE-8FFECC18790A}.Debug|Any CPU.Build.0 = Debug|Any CPU
		{DF64E544-8DB0-4885-8DFE-8FFECC18790A}.Release|Any CPU.ActiveCfg = Release|Any CPU
		{DF64E544-8DB0-4885-8DFE-8FFECC18790A}.Release|Any CPU.Build.0 = Release|Any CPU
		{691ACE61-4ED8-4E9A-9351-3C5604114E88}.Debug|Any CPU.ActiveCfg = Debug|Any CPU
		{691ACE61-4ED8-4E9A-9351-3C5604114E88}.Debug|Any CPU.Build.0 = Debug|Any CPU
		{691ACE61-4ED8-4E9A-9351-3C5604114E88}.Release|Any CPU.ActiveCfg = Release|Any CPU
		{691ACE61-4ED8-4E9A-9351-3C5604114E88}.Release|Any CPU.Build.0 = Release|Any CPU
	EndGlobalSection
	GlobalSection(SolutionProperties) = preSolution
		HideSolutionNode = FALSE
	EndGlobalSection
	GlobalSection(ExtensibilityGlobals) = postSolution
		SolutionGuid = {35E8DCAC-FEC6-466F-A70C-85F53F0A641E}
	EndGlobalSection
EndGlobal
